{
  "requires": true,
  "lockfileVersion": 1,
  "dependencies": {
    "colors": {
      "version": "1.1.2",
      "resolved": "https://registry.npmjs.org/colors/-/colors-1.1.2.tgz",
      "integrity": "sha512-ENwblkFQpqqia6b++zLD/KUWafYlVY/UNnAp7oz7LY7E924wmpye416wBOmvv/HMWzl8gL1kJlfvId/1Dg176w=="
    },
    "module-log": {
      "version": "1.0.1",
      "resolved": "https://registry.npmjs.org/module-log/-/module-log-1.0.1.tgz",
      "integrity": "sha512-nwG1Fo58EJ7/RZ/kjkIlIZaB6L+5SApGCv10iS4vtviLEr7iKK+L1nhYPHLRANnWlS4kcxIkG49rDhIKuv6C0A==",
      "requires": {
        "colors": "1.1.2"
      }
    }
  }
}
